
Microsoft Visual Studio Solution File, Format Version 12.00
Project("{FAE04EC0-301F-11D3-BF4B-00C04F79EFBC}") = "sport-management-system", "sport-management-system\sport-management-system.csproj", "{1BBA35B7-AB7C-4A7E-B0F8-6B7B931F6DAA}"
EndProject
Global
	GlobalSection(SolutionConfigurationPlatforms) = preSolution
		Debug|Any CPU = Debug|Any CPU
		Release|Any CPU = Release|Any CPU
	EndGlobalSection
	GlobalSection(ProjectConfigurationPlatforms) = postSolution
		{1BBA35B7-AB7C-4A7E-B0F8-6B7B931F6DAA}.Debug|Any CPU.ActiveCfg = Debug|Any CPU
		{1BBA35B7-AB7C-4A7E-B0F8-6B7B931F6DAA}.Debug|Any CPU.Build.0 = Debug|Any CPU
		{1BBA35B7-AB7C-4A7E-B0F8-6B7B931F6DAA}.Release|Any CPU.ActiveCfg = Release|Any CPU
		{1BBA35B7-AB7C-4A7E-B0F8-6B7B931F6DAA}.Release|Any CPU.Build.0 = Release|Any CPU
	EndGlobalSection
EndGlobal
